
Microsoft Visual Studio Solution File, Format Version 12.00
# Visual Studio Version 16
VisualStudioVersion = 16.0.31025.194
MinimumVisualStudioVersion = 10.0.40219.1
Project("{FAE04EC0-301F-11D3-BF4B-00C04F79EFBC}") = "Eggs", "Eggs\Eggs.csproj", "{38D27F81-1CDA-4F6E-99A4-5F81CBD6A138}"
EndProject
Global
	GlobalSection(SolutionConfigurationPlatforms) = preSolution
		Debug|Any CPU = Debug|Any CPU
		Release|Any CPU = Release|Any CPU
	EndGlobalSection
	GlobalSection(ProjectConfigurationPlatforms) = postSolution
		{38D27F81-1CDA-4F6E-99A4-5F81CBD6A138}.Debug|Any CPU.ActiveCfg = Debug|Any CPU
		{38D27F81-1CDA-4F6E-99A4-5F81CBD6A138}.Debug|Any CPU.Build.0 = Debug|Any CPU
		{38D27F81-1CDA-4F6E-99A4-5F81CBD6A138}.Release|Any CPU.ActiveCfg = Release|Any CPU
		{38D27F81-1CDA-4F6E-99A4-5F81CBD6A138}.Release|Any CPU.Build.0 = Release|Any CPU
	EndGlobalSection
	GlobalSection(SolutionProperties) = preSolution
		HideSolutionNode = FALSE
	EndGlobalSection
	GlobalSection(ExtensibilityGlobals) = postSolution
		SolutionGuid = {B04E7533-1CF6-4D57-A04B-A44A0E84F89D}
	EndGlobalSection
EndGlobal
