
Microsoft Visual Studio Solution File, Format Version 12.00
# Visual Studio Version 16
VisualStudioVersion = 16.0.31515.178
MinimumVisualStudioVersion = 10.0.40219.1
Project("{FAE04EC0-301F-11D3-BF4B-00C04F79EFBC}") = "6854PRG522", "6854PRG522\6854PRG522.csproj", "{5BFFB824-7015-47BA-BD6E-1B2D0F76B082}"
EndProject
Global
	GlobalSection(SolutionConfigurationPlatforms) = preSolution
		Debug|Any CPU = Debug|Any CPU
		Release|Any CPU = Release|Any CPU
	EndGlobalSection
	GlobalSection(ProjectConfigurationPlatforms) = postSolution
		{5BFFB824-7015-47BA-BD6E-1B2D0F76B082}.Debug|Any CPU.ActiveCfg = Debug|Any CPU
		{5BFFB824-7015-47BA-BD6E-1B2D0F76B082}.Debug|Any CPU.Build.0 = Debug|Any CPU
		{5BFFB824-7015-47BA-BD6E-1B2D0F76B082}.Release|Any CPU.ActiveCfg = Release|Any CPU
		{5BFFB824-7015-47BA-BD6E-1B2D0F76B082}.Release|Any CPU.Build.0 = Release|Any CPU
	EndGlobalSection
	GlobalSection(SolutionProperties) = preSolution
		HideSolutionNode = FALSE
	EndGlobalSection
	GlobalSection(ExtensibilityGlobals) = postSolution
		SolutionGuid = {860FF16F-B160-4ED2-97F7-C2C0246206C7}
	EndGlobalSection
EndGlobal
